
Microsoft Visual Studio Solution File, Format Version 12.00
# Visual Studio Version 17
VisualStudioVersion = 17.14.36518.9
MinimumVisualStudioVersion = 10.0.40219.1
Project("{FAE04EC0-301F-11D3-BF4B-00C04F79EFBC}") = "StudyPlannerWinForms", "StudyPlannerWinForms.csproj", "{62A5EF3A-CDD1-4B9E-BFFB-CCB6E331F09B}"
EndProject
Global
	GlobalSection(SolutionConfigurationPlatforms) = preSolution
		Debug|Any CPU = Debug|Any CPU
		Release|Any CPU = Release|Any CPU
	EndGlobalSection
	GlobalSection(ProjectConfigurationPlatforms) = postSolution
		{62A5EF3A-CDD1-4B9E-BFFB-CCB6E331F09B}.Debug|Any CPU.ActiveCfg = Debug|Any CPU
		{62A5EF3A-CDD1-4B9E-BFFB-CCB6E331F09B}.Debug|Any CPU.Build.0 = Debug|Any CPU
		{62A5EF3A-CDD1-4B9E-BFFB-CCB6E331F09B}.Release|Any CPU.ActiveCfg = Release|Any CPU
		{62A5EF3A-CDD1-4B9E-BFFB-CCB6E331F09B}.Release|Any CPU.Build.0 = Release|Any CPU
	EndGlobalSection
	GlobalSection(SolutionProperties) = preSolution
		HideSolutionNode = FALSE
	EndGlobalSection
	GlobalSection(ExtensibilityGlobals) = postSolution
		SolutionGuid = {880D43F9-3259-4541-8AD9-D9A1A7EC8270}
	EndGlobalSection
EndGlobal
